<?xml version="1.0" encoding="utf-8"?>
<Project ToolsVersion="4.0" xmlns="http://schemas.microsoft.com/developer/msbuild/2003">
  <ItemGroup>
    <Filter Include="Файлы ресурсов">
      <UniqueIdentifier>{67DA6AB6-F800-4c08-8B7A-83BB121AAD01}</UniqueIdentifier>
      <Extensions>rc;ico;cur;bmp;dlg;rc2;rct;bin;rgs;gif;jpg;jpeg;jpe;resx;tiff;tif;png;wav;mfcribbon-ms</Extensions>
    </Filter>
  </ItemGroup>
  <ItemGroup>
    <ClCompile Include="ballClass.cpp">
      <Filter>Файлы ресурсов</Filter>
    </ClCompile>
    <ClCompile Include="blokClass.cpp">
      <Filter>Файлы ресурсов</Filter>
    </ClCompile>
    <ClCompile Include="game.cpp">
      <Filter>Файлы ресурсов</Filter>
    </ClCompile>
    <ClCompile Include="main.cpp">
      <Filter>Файлы ресурсов</Filter>
    </ClCompile>
    <ClCompile Include="racketClass.cpp">
      <Filter>Файлы ресурсов</Filter>
    </ClCompile>
    <ClCompile Include="bonusClass.cpp">
      <Filter>Файлы ресурсов</Filter>
    </ClCompile>
    <ClCompile Include="physObjectClass.cpp">
      <Filter>Файлы ресурсов</Filter>
    </ClCompile>
    <ClCompile Include="windowClass.cpp">
      <Filter>Файлы ресурсов</Filter>
    </ClCompile>
    <ClCompile Include="vectorStruct.cpp">
      <Filter>Файлы ресурсов</Filter>
    </ClCompile>
    <ClCompile Include="colorStruct.cpp">
      <Filter>Файлы ресурсов</Filter>
    </ClCompile>
  </ItemGroup>
  <ItemGroup>
    <ClInclude Include="ballClass.h">
      <Filter>Файлы ресурсов</Filter>
    </ClInclude>
    <ClInclude Include="blokClass.h">
      <Filter>Файлы ресурсов</Filter>
    </ClInclude>
    <ClInclude Include="game.h">
      <Filter>Файлы ресурсов</Filter>
    </ClInclude>
    <ClInclude Include="racketClass.h">
      <Filter>Файлы ресурсов</Filter>
    </ClInclude>
    <ClInclude Include="bonusClass.h">
      <Filter>Файлы ресурсов</Filter>
    </ClInclude>
    <ClInclude Include="physObjectClass.h">
      <Filter>Файлы ресурсов</Filter>
    </ClInclude>
    <ClInclude Include="windowClass.h">
      <Filter>Файлы ресурсов</Filter>
    </ClInclude>
    <ClInclude Include="colorStruct.h">
      <Filter>Файлы ресурсов</Filter>
    </ClInclude>
    <ClInclude Include="vectorStruct.h">
      <Filter>Файлы ресурсов</Filter>
    </ClInclude>
  </ItemGroup>
</Project>